
Microsoft Visual Studio Solution File, Format Version 12.00
# Visual Studio Version 17
VisualStudioVersion = 17.8.34330.188
MinimumVisualStudioVersion = 10.0.40219.1
Project("{FAE04EC0-301F-11D3-BF4B-00C04F79EFBC}") = "BackendApi", "BackendApi\BackendApi.csproj", "{CFC65451-5521-41FE-AC00-E55C9679790D}"
EndProject
Global
	GlobalSection(SolutionConfigurationPlatforms) = preSolution
		Debug|Any CPU = Debug|Any CPU
		Release|Any CPU = Release|Any CPU
	EndGlobalSection
	GlobalSection(ProjectConfigurationPlatforms) = postSolution
		{CFC65451-5521-41FE-AC00-E55C9679790D}.Debug|Any CPU.ActiveCfg = Debug|Any CPU
		{CFC65451-5521-41FE-AC00-E55C9679790D}.Debug|Any CPU.Build.0 = Debug|Any CPU
		{CFC65451-5521-41FE-AC00-E55C9679790D}.Release|Any CPU.ActiveCfg = Release|Any CPU
		{CFC65451-5521-41FE-AC00-E55C9679790D}.Release|Any CPU.Build.0 = Release|Any CPU
	EndGlobalSection
	GlobalSection(SolutionProperties) = preSolution
		HideSolutionNode = FALSE
	EndGlobalSection
	GlobalSection(ExtensibilityGlobals) = postSolution
		SolutionGuid = {DCB94577-3EEA-427B-8F29-A86FDC898226}
	EndGlobalSection
EndGlobal
